
Microsoft Visual Studio Solution File, Format Version 12.00
# Visual Studio Version 16
VisualStudioVersion = 16.0.28729.10
MinimumVisualStudioVersion = 10.0.40219.1
Project("{9A19103F-16F7-4668-BE54-9A1E7A4F7556}") = "DomainDispatcher", "DomainDispatcher\DomainDispatcher.csproj", "{7D15AFFF-5B9B-46B7-B16E-EAC452C31C04}"
EndProject
Project("{FAE04EC0-301F-11D3-BF4B-00C04F79EFBC}") = "DomainDispatcher.Test", "DomainDispatcher.Test\DomainDispatcher.Test.csproj", "{0BF12513-3FFD-462B-85BE-1779F1BB2384}"
EndProject
Global
	GlobalSection(SolutionConfigurationPlatforms) = preSolution
		Debug|Any CPU = Debug|Any CPU
		Release|Any CPU = Release|Any CPU
	EndGlobalSection
	GlobalSection(ProjectConfigurationPlatforms) = postSolution
		{7D15AFFF-5B9B-46B7-B16E-EAC452C31C04}.Debug|Any CPU.ActiveCfg = Debug|Any CPU
		{7D15AFFF-5B9B-46B7-B16E-EAC452C31C04}.Debug|Any CPU.Build.0 = Debug|Any CPU
		{7D15AFFF-5B9B-46B7-B16E-EAC452C31C04}.Release|Any CPU.ActiveCfg = Release|Any CPU
		{7D15AFFF-5B9B-46B7-B16E-EAC452C31C04}.Release|Any CPU.Build.0 = Release|Any CPU
		{0BF12513-3FFD-462B-85BE-1779F1BB2384}.Debug|Any CPU.ActiveCfg = Debug|Any CPU
		{0BF12513-3FFD-462B-85BE-1779F1BB2384}.Debug|Any CPU.Build.0 = Debug|Any CPU
		{0BF12513-3FFD-462B-85BE-1779F1BB2384}.Release|Any CPU.ActiveCfg = Release|Any CPU
		{0BF12513-3FFD-462B-85BE-1779F1BB2384}.Release|Any CPU.Build.0 = Release|Any CPU
	EndGlobalSection
	GlobalSection(SolutionProperties) = preSolution
		HideSolutionNode = FALSE
	EndGlobalSection
	GlobalSection(ExtensibilityGlobals) = postSolution
		SolutionGuid = {F561EEBF-9ACC-42FD-BDCF-82E9CF91E075}
	EndGlobalSection
EndGlobal
